{
  "object": {
    "pins": [
      {
        "package": "LaunchAtLogin",
        "repositoryURL": "https://github.com/sindresorhus/LaunchAtLogin",
        "state": {
          "branch": null,
          "revision": "0f39982b9d6993eef253b81219d3c39ba1e680f3",
          "version": "4.0.0"
        }
      },
      {
        "package": "ShortcutRecorder",
        "repositoryURL": "https://github.com/Kentzo/ShortcutRecorder.git",
        "state": {
          "branch": null,
          "revision": "07b065085e172d85b7b5a0f3cc05f6ed47ad5af1",
          "version": "3.3.0"
        }
      }
    ]
  },
  "version": 1
}
